{
  "name": "isaac-pi",
  "version": "1.0.3",
  "lockfileVersion": 3,
  "requires": true,
  "packages": {
    "": {
      "name": "isaac-pi",
      "version": "1.0.3",
      "bundleDependencies": [
        "pi-rewind-hook"
      ],
      "hasInstallScript": true,
      "dependencies": {
        "pi-rewind-hook": "^1.7.3"
      }
    },
    "node_modules/pi-rewind-hook": {
      "version": "1.7.3",
      "resolved": "https://registry.npmjs.org/pi-rewind-hook/-/pi-rewind-hook-1.7.3.tgz",
      "integrity": "sha512-Y4h0OCngmzWp50BBsTF5MXARy1lRtXrbDFC/zGSgZQfwCTg0XsBOmyAgNK5i8Kk8VZrG/EAvMr1df5WrQPxwIg==",
      "inBundle": true,
      "license": "MIT",
      "bin": {
        "pi-rewind-hook": "install.js"
      }
    }
  }
}
